
Microsoft Visual Studio Solution File, Format Version 12.00
# Visual Studio Version 17
VisualStudioVersion = 17.0.31903.59
MinimumVisualStudioVersion = 10.0.40219.1
Project("{FAE04EC0-301F-11D3-BF4B-00C04F79EFBC}") = "cats-and-mouse", "cats-and-mouse\cats-and-mouse.csproj", "{39748205-84E3-4707-BFCB-F61EDB07D173}"
EndProject
Project("{FAE04EC0-301F-11D3-BF4B-00C04F79EFBC}") = "picking-numbers", "picking-numbers\picking-numbers.csproj", "{B0E8F5A5-E86A-4F44-BD6B-00A7BB530B41}"
EndProject
Global
	GlobalSection(SolutionConfigurationPlatforms) = preSolution
		Debug|Any CPU = Debug|Any CPU
		Release|Any CPU = Release|Any CPU
	EndGlobalSection
	GlobalSection(SolutionProperties) = preSolution
		HideSolutionNode = FALSE
	EndGlobalSection
	GlobalSection(ProjectConfigurationPlatforms) = postSolution
		{39748205-84E3-4707-BFCB-F61EDB07D173}.Debug|Any CPU.ActiveCfg = Debug|Any CPU
		{39748205-84E3-4707-BFCB-F61EDB07D173}.Debug|Any CPU.Build.0 = Debug|Any CPU
		{39748205-84E3-4707-BFCB-F61EDB07D173}.Release|Any CPU.ActiveCfg = Release|Any CPU
		{39748205-84E3-4707-BFCB-F61EDB07D173}.Release|Any CPU.Build.0 = Release|Any CPU
		{B0E8F5A5-E86A-4F44-BD6B-00A7BB530B41}.Debug|Any CPU.ActiveCfg = Debug|Any CPU
		{B0E8F5A5-E86A-4F44-BD6B-00A7BB530B41}.Debug|Any CPU.Build.0 = Debug|Any CPU
		{B0E8F5A5-E86A-4F44-BD6B-00A7BB530B41}.Release|Any CPU.ActiveCfg = Release|Any CPU
		{B0E8F5A5-E86A-4F44-BD6B-00A7BB530B41}.Release|Any CPU.Build.0 = Release|Any CPU
	EndGlobalSection
EndGlobal
